#MicroXplorer Configuration settings - do not modify
CAD.formats=
CAD.pinconfig=
CAD.provider=
File.Version=6
GPIO.groupedBy=Group By Peripherals
KeepUserPlacement=false
Mcu.CPN=STM32F407ZGT6
Mcu.Family=STM32F4
Mcu.IP0=NVIC
Mcu.IP1=RCC
Mcu.IP2=SYS
Mcu.IP3=TIM8
Mcu.IPNb=4
Mcu.Name=STM32F407Z(E-G)Tx
Mcu.Package=LQFP144
Mcu.Pin0=PE6
Mcu.Pin1=PC14-OSC32_IN
Mcu.Pin10=PE11
Mcu.Pin11=PE12
Mcu.Pin12=PB10
Mcu.Pin13=PD11
Mcu.Pin14=PD13
Mcu.Pin15=PC8
Mcu.Pin16=PA13
Mcu.Pin17=PA14
Mcu.Pin18=PD3
Mcu.Pin19=PD5
Mcu.Pin2=PC15-OSC32_OUT
Mcu.Pin20=PG10
Mcu.Pin21=PB3
Mcu.Pin22=PE0
Mcu.Pin23=VP_SYS_VS_Systick
Mcu.Pin3=PF6
Mcu.Pin4=PF8
Mcu.Pin5=PH0-OSC_IN
Mcu.Pin6=PH1-OSC_OUT
Mcu.Pin7=PC1
Mcu.Pin8=PB0
Mcu.Pin9=PB2
Mcu.PinsNb=24
Mcu.ThirdPartyNb=0
Mcu.UserConstants=
Mcu.UserName=STM32F407ZGTx
MxCube.Version=6.12.0
MxDb.Version=DB.6.0.120
NVIC.BusFault_IRQn=true\:0\:0\:false\:false\:true\:false\:false\:false
NVIC.DebugMonitor_IRQn=true\:0\:0\:false\:false\:true\:false\:false\:false
NVIC.ForceEnableDMAVector=true
NVIC.HardFault_IRQn=true\:0\:0\:false\:false\:true\:false\:false\:false
NVIC.MemoryManagement_IRQn=true\:0\:0\:false\:false\:true\:false\:false\:false
NVIC.NonMaskableInt_IRQn=true\:0\:0\:false\:false\:true\:false\:false\:false
NVIC.PendSV_IRQn=true\:0\:0\:false\:false\:true\:false\:false\:false
NVIC.PriorityGroup=NVIC_PRIORITYGROUP_4
NVIC.SVCall_IRQn=true\:0\:0\:false\:false\:true\:false\:false\:false
NVIC.SysTick_IRQn=true\:15\:0\:false\:false\:true\:false\:true\:false
NVIC.UsageFault_IRQn=true\:0\:0\:false\:false\:true\:false\:false\:false
PA13.Mode=Serial_Wire
PA13.Signal=SYS_JTMS-SWDIO
PA14.Mode=Serial_Wire
PA14.Signal=SYS_JTCK-SWCLK
PB0.GPIOParameters=GPIO_PuPd,GPIO_Label
PB0.GPIO_Label=input_1
PB0.GPIO_PuPd=GPIO_PULLUP
PB0.Locked=true
PB0.Signal=GPIO_Input
PB10.GPIOParameters=PinState,GPIO_PuPd,GPIO_Label,GPIO_ModeDefaultOutputPP
PB10.GPIO_Label=stop_2
PB10.GPIO_ModeDefaultOutputPP=GPIO_MODE_OUTPUT_PP
PB10.GPIO_PuPd=GPIO_PULLUP
PB10.Locked=true
PB10.PinState=GPIO_PIN_SET
PB10.Signal=GPIO_Output
PB2.GPIOParameters=GPIO_Label
PB2.GPIO_Label=input_2
PB2.Locked=true
PB2.Signal=GPIO_Input
PB3.GPIOParameters=GPIO_Speed,PinState,GPIO_PuPd,GPIO_Label
PB3.GPIO_Label=stop_3
PB3.GPIO_PuPd=GPIO_PULLUP
PB3.GPIO_Speed=GPIO_SPEED_FREQ_LOW
PB3.Locked=true
PB3.PinState=GPIO_PIN_SET
PB3.Signal=GPIO_Output
PC1.GPIOParameters=PinState,GPIO_PuPd,GPIO_Label,GPIO_ModeDefaultOutputPP
PC1.GPIO_Label=control_2
PC1.GPIO_ModeDefaultOutputPP=GPIO_MODE_OUTPUT_PP
PC1.GPIO_PuPd=GPIO_PULLUP
PC1.Locked=true
PC1.PinState=GPIO_PIN_SET
PC1.Signal=GPIO_Output
PC14-OSC32_IN.Mode=LSE-External-Oscillator
PC14-OSC32_IN.Signal=RCC_OSC32_IN
PC15-OSC32_OUT.Mode=LSE-External-Oscillator
PC15-OSC32_OUT.Signal=RCC_OSC32_OUT
PC8.Signal=S_TIM8_CH3
PD11.GPIOParameters=GPIO_PuPd,GPIO_Label
PD11.GPIO_Label=input_5
PD11.GPIO_PuPd=GPIO_PULLUP
PD11.Locked=true
PD11.Signal=GPIO_Input
PD13.GPIOParameters=GPIO_PuPd,GPIO_Label
PD13.GPIO_Label=input_6
PD13.GPIO_PuPd=GPIO_PULLUP
PD13.Locked=true
PD13.Signal=GPIO_Input
PD3.GPIOParameters=PinState,GPIO_PuPd,GPIO_Label,GPIO_ModeDefaultOutputPP
PD3.GPIO_Label=stop_1
PD3.GPIO_ModeDefaultOutputPP=GPIO_MODE_OUTPUT_PP
PD3.GPIO_PuPd=GPIO_PULLUP
PD3.Locked=true
PD3.PinState=GPIO_PIN_SET
PD3.Signal=GPIO_Output
PD5.GPIOParameters=PinState,GPIO_PuPd,GPIO_Label,GPIO_ModeDefaultOutputPP
PD5.GPIO_Label=stop_4
PD5.GPIO_ModeDefaultOutputPP=GPIO_MODE_OUTPUT_PP
PD5.GPIO_PuPd=GPIO_PULLUP
PD5.Locked=true
PD5.PinState=GPIO_PIN_SET
PD5.Signal=GPIO_Output
PE0.GPIOParameters=PinState,GPIO_PuPd,GPIO_Label,GPIO_ModeDefaultOutputPP
PE0.GPIO_Label=control_3
PE0.GPIO_ModeDefaultOutputPP=GPIO_MODE_OUTPUT_PP
PE0.GPIO_PuPd=GPIO_PULLUP
PE0.Locked=true
PE0.PinState=GPIO_PIN_SET
PE0.Signal=GPIO_Output
PE11.GPIOParameters=GPIO_PuPd,GPIO_Label
PE11.GPIO_Label=input_7
PE11.GPIO_PuPd=GPIO_PULLUP
PE11.Locked=true
PE11.Signal=GPIO_Input
PE12.GPIOParameters=GPIO_PuPd,GPIO_Label
PE12.GPIO_Label=input_8
PE12.GPIO_PuPd=GPIO_PULLUP
PE12.Locked=true
PE12.Signal=GPIO_Input
PE6.GPIOParameters=PinState,GPIO_PuPd,GPIO_Label,GPIO_ModeDefaultOutputPP
PE6.GPIO_Label=control_1
PE6.GPIO_ModeDefaultOutputPP=GPIO_MODE_OUTPUT_PP
PE6.GPIO_PuPd=GPIO_PULLUP
PE6.Locked=true
PE6.PinState=GPIO_PIN_SET
PE6.Signal=GPIO_Output
PF6.GPIOParameters=GPIO_PuPd,GPIO_Label
PF6.GPIO_Label=input_4
PF6.GPIO_PuPd=GPIO_PULLUP
PF6.Locked=true
PF6.Signal=GPIO_Input
PF8.GPIOParameters=GPIO_PuPd,GPIO_Label
PF8.GPIO_Label=input_3
PF8.GPIO_PuPd=GPIO_PULLUP
PF8.Locked=true
PF8.Signal=GPIO_Input
PG10.GPIOParameters=PinState,GPIO_PuPd,GPIO_Label,GPIO_ModeDefaultOutputPP
PG10.GPIO_Label=control_4
PG10.GPIO_ModeDefaultOutputPP=GPIO_MODE_OUTPUT_PP
PG10.GPIO_PuPd=GPIO_PULLUP
PG10.Locked=true
PG10.PinState=GPIO_PIN_SET
PG10.Signal=GPIO_Output
PH0-OSC_IN.Mode=HSE-External-Oscillator
PH0-OSC_IN.Signal=RCC_OSC_IN
PH1-OSC_OUT.Mode=HSE-External-Oscillator
PH1-OSC_OUT.Signal=RCC_OSC_OUT
PinOutPanel.RotationAngle=0
ProjectManager.AskForMigrate=true
ProjectManager.BackupPrevious=false
ProjectManager.CompilerOptimize=6
ProjectManager.ComputerToolchain=false
ProjectManager.CoupleFile=false
ProjectManager.CustomerFirmwarePackage=
ProjectManager.DefaultFWLocation=true
ProjectManager.DeletePrevious=true
ProjectManager.DeviceId=STM32F407ZGTx
ProjectManager.FirmwarePackage=STM32Cube FW_F4 V1.28.0
ProjectManager.FreePins=false
ProjectManager.HalAssertFull=false
ProjectManager.HeapSize=0x200
ProjectManager.KeepUserCode=true
ProjectManager.LastFirmware=true
ProjectManager.LibraryCopy=0
ProjectManager.MainLocation=Core/Src
ProjectManager.NoMain=false
ProjectManager.PreviousToolchain=
ProjectManager.ProjectBuild=false
ProjectManager.ProjectFileName=car.ioc
ProjectManager.ProjectName=car
ProjectManager.ProjectStructure=
ProjectManager.RegisterCallBack=
ProjectManager.StackSize=0x400
ProjectManager.TargetToolchain=MDK-ARM V5.32
ProjectManager.ToolChainLocation=
ProjectManager.UAScriptAfterPath=
ProjectManager.UAScriptBeforePath=
ProjectManager.UnderRoot=false
ProjectManager.functionlistsort=1-SystemClock_Config-RCC-false-HAL-false,2-MX_GPIO_Init-GPIO-false-HAL-true,3-MX_TIM8_Init-TIM8-false-HAL-true
RCC.AHBFreq_Value=16000000
RCC.APB1Freq_Value=16000000
RCC.APB2Freq_Value=16000000
RCC.CortexFreq_Value=16000000
RCC.FamilyName=M
RCC.HSE_VALUE=25000000
RCC.HSI_VALUE=16000000
RCC.I2SClocksFreq_Value=96000000
RCC.IPParameters=AHBFreq_Value,APB1Freq_Value,APB2Freq_Value,CortexFreq_Value,FamilyName,HSE_VALUE,HSI_VALUE,I2SClocksFreq_Value,LSI_VALUE,PLLCLKFreq_Value,PLLQCLKFreq_Value,RTCFreq_Value,RTCHSEDivFreq_Value,SYSCLKFreq_VALUE,VCOI2SOutputFreq_Value,VCOInputFreq_Value,VCOOutputFreq_Value,VcooutputI2S
RCC.LSI_VALUE=32000
RCC.PLLCLKFreq_Value=96000000
RCC.PLLQCLKFreq_Value=48000000
RCC.RTCFreq_Value=32000
RCC.RTCHSEDivFreq_Value=12500000
RCC.SYSCLKFreq_VALUE=16000000
RCC.VCOI2SOutputFreq_Value=192000000
RCC.VCOInputFreq_Value=1000000
RCC.VCOOutputFreq_Value=192000000
RCC.VcooutputI2S=96000000
SH.S_TIM8_CH3.0=TIM8_CH3,PWM Generation3 CH3
SH.S_TIM8_CH3.ConfNb=1
TIM8.Channel-PWM\ Generation3\ CH3=TIM_CHANNEL_3
TIM8.IPParameters=Prescaler,Period,Channel-PWM Generation3 CH3,OCMode_PWM-PWM Generation3 CH3,Pulse-PWM Generation3 CH3
TIM8.OCMode_PWM-PWM\ Generation3\ CH3=TIM_OCMODE_PWM2
TIM8.Period=200-1
TIM8.Prescaler=1680-1
TIM8.Pulse-PWM\ Generation3\ CH3=100
VP_SYS_VS_Systick.Mode=SysTick
VP_SYS_VS_Systick.Signal=SYS_VS_Systick
board=custom
